
Microsoft Visual Studio Solution File, Format Version 12.00
# Visual Studio Version 16
VisualStudioVersion = 16.0.30611.23
MinimumVisualStudioVersion = 10.0.40219.1
Project("{FAE04EC0-301F-11D3-BF4B-00C04F79EFBC}") = "lab7", "lab7.csproj", "{D71829CE-3169-42CF-B286-394C2865737C}"
EndProject
Global
	GlobalSection(SolutionConfigurationPlatforms) = preSolution
		Debug|Any CPU = Debug|Any CPU
		Release|Any CPU = Release|Any CPU
	EndGlobalSection
	GlobalSection(ProjectConfigurationPlatforms) = postSolution
		{D71829CE-3169-42CF-B286-394C2865737C}.Debug|Any CPU.ActiveCfg = Debug|Any CPU
		{D71829CE-3169-42CF-B286-394C2865737C}.Debug|Any CPU.Build.0 = Debug|Any CPU
		{D71829CE-3169-42CF-B286-394C2865737C}.Release|Any CPU.ActiveCfg = Release|Any CPU
		{D71829CE-3169-42CF-B286-394C2865737C}.Release|Any CPU.Build.0 = Release|Any CPU
	EndGlobalSection
	GlobalSection(SolutionProperties) = preSolution
		HideSolutionNode = FALSE
	EndGlobalSection
	GlobalSection(ExtensibilityGlobals) = postSolution
		SolutionGuid = {6F8B9009-2DE6-437C-B872-8768BB03F06D}
	EndGlobalSection
EndGlobal
